
Microsoft Visual Studio Solution File, Format Version 12.00
# Visual Studio Version 17
VisualStudioVersion = 17.4.32914.412
MinimumVisualStudioVersion = 10.0.40219.1
Project("{8BC9CEB8-8B4A-11D0-8D11-00A0C91BC942}") = "CLRConsoleApplication1", "CLRConsoleApplication1\CLRConsoleApplication1.vcxproj", "{3554277B-867A-4241-8C9C-B48FE37CD509}"
EndProject
Global
	GlobalSection(SolutionConfigurationPlatforms) = preSolution
		Debug|x64 = Debug|x64
		Debug|x86 = Debug|x86
		Release|x64 = Release|x64
		Release|x86 = Release|x86
	EndGlobalSection
	GlobalSection(ProjectConfigurationPlatforms) = postSolution
		{3554277B-867A-4241-8C9C-B48FE37CD509}.Debug|x64.ActiveCfg = Debug|x64
		{3554277B-867A-4241-8C9C-B48FE37CD509}.Debug|x64.Build.0 = Debug|x64
		{3554277B-867A-4241-8C9C-B48FE37CD509}.Debug|x86.ActiveCfg = Debug|Win32
		{3554277B-867A-4241-8C9C-B48FE37CD509}.Debug|x86.Build.0 = Debug|Win32
		{3554277B-867A-4241-8C9C-B48FE37CD509}.Release|x64.ActiveCfg = Release|x64
		{3554277B-867A-4241-8C9C-B48FE37CD509}.Release|x64.Build.0 = Release|x64
		{3554277B-867A-4241-8C9C-B48FE37CD509}.Release|x86.ActiveCfg = Release|Win32
		{3554277B-867A-4241-8C9C-B48FE37CD509}.Release|x86.Build.0 = Release|Win32
	EndGlobalSection
	GlobalSection(SolutionProperties) = preSolution
		HideSolutionNode = FALSE
	EndGlobalSection
	GlobalSection(ExtensibilityGlobals) = postSolution
		SolutionGuid = {9B3637D3-F2A7-4505-82F6-000E2E231611}
	EndGlobalSection
EndGlobal
