
Microsoft Visual Studio Solution File, Format Version 12.00
# Visual Studio Version 17
VisualStudioVersion = 17.4.32915.420
MinimumVisualStudioVersion = 10.0.40219.1
Project("{8BC9CEB8-8B4A-11D0-8D11-00A0C91BC942}") = "UWP_CppWinRT_BlankApp1", "UWP_CppWinRT_BlankApp1\UWP_CppWinRT_BlankApp1.vcxproj", "{F17A645D-9DF2-4E0E-A62E-43D935F3882B}"
EndProject
Global
	GlobalSection(SolutionConfigurationPlatforms) = preSolution
		Debug|ARM = Debug|ARM
		Debug|ARM64 = Debug|ARM64
		Debug|x64 = Debug|x64
		Debug|x86 = Debug|x86
		Release|ARM = Release|ARM
		Release|ARM64 = Release|ARM64
		Release|x64 = Release|x64
		Release|x86 = Release|x86
	EndGlobalSection
	GlobalSection(ProjectConfigurationPlatforms) = postSolution
		{F17A645D-9DF2-4E0E-A62E-43D935F3882B}.Debug|ARM.ActiveCfg = Debug|ARM
		{F17A645D-9DF2-4E0E-A62E-43D935F3882B}.Debug|ARM.Build.0 = Debug|ARM
		{F17A645D-9DF2-4E0E-A62E-43D935F3882B}.Debug|ARM.Deploy.0 = Debug|ARM
		{F17A645D-9DF2-4E0E-A62E-43D935F3882B}.Debug|ARM64.ActiveCfg = Debug|ARM64
		{F17A645D-9DF2-4E0E-A62E-43D935F3882B}.Debug|ARM64.Build.0 = Debug|ARM64
		{F17A645D-9DF2-4E0E-A62E-43D935F3882B}.Debug|ARM64.Deploy.0 = Debug|ARM64
		{F17A645D-9DF2-4E0E-A62E-43D935F3882B}.Debug|x64.ActiveCfg = Debug|x64
		{F17A645D-9DF2-4E0E-A62E-43D935F3882B}.Debug|x64.Build.0 = Debug|x64
		{F17A645D-9DF2-4E0E-A62E-43D935F3882B}.Debug|x64.Deploy.0 = Debug|x64
		{F17A645D-9DF2-4E0E-A62E-43D935F3882B}.Debug|x86.ActiveCfg = Debug|Win32
		{F17A645D-9DF2-4E0E-A62E-43D935F3882B}.Debug|x86.Build.0 = Debug|Win32
		{F17A645D-9DF2-4E0E-A62E-43D935F3882B}.Debug|x86.Deploy.0 = Debug|Win32
		{F17A645D-9DF2-4E0E-A62E-43D935F3882B}.Release|ARM.ActiveCfg = Release|ARM
		{F17A645D-9DF2-4E0E-A62E-43D935F3882B}.Release|ARM.Build.0 = Release|ARM
		{F17A645D-9DF2-4E0E-A62E-43D935F3882B}.Release|ARM.Deploy.0 = Release|ARM
		{F17A645D-9DF2-4E0E-A62E-43D935F3882B}.Release|ARM64.ActiveCfg = Release|ARM64
		{F17A645D-9DF2-4E0E-A62E-43D935F3882B}.Release|ARM64.Build.0 = Release|ARM64
		{F17A645D-9DF2-4E0E-A62E-43D935F3882B}.Release|ARM64.Deploy.0 = Release|ARM64
		{F17A645D-9DF2-4E0E-A62E-43D935F3882B}.Release|x64.ActiveCfg = Release|x64
		{F17A645D-9DF2-4E0E-A62E-43D935F3882B}.Release|x64.Build.0 = Release|x64
		{F17A645D-9DF2-4E0E-A62E-43D935F3882B}.Release|x64.Deploy.0 = Release|x64
		{F17A645D-9DF2-4E0E-A62E-43D935F3882B}.Release|x86.ActiveCfg = Release|Win32
		{F17A645D-9DF2-4E0E-A62E-43D935F3882B}.Release|x86.Build.0 = Release|Win32
		{F17A645D-9DF2-4E0E-A62E-43D935F3882B}.Release|x86.Deploy.0 = Release|Win32
	EndGlobalSection
	GlobalSection(SolutionProperties) = preSolution
		HideSolutionNode = FALSE
	EndGlobalSection
	GlobalSection(ExtensibilityGlobals) = postSolution
		SolutionGuid = {CB167197-F764-4F53-837A-FA33619E2194}
	EndGlobalSection
EndGlobal
