
Microsoft Visual Studio Solution File, Format Version 12.00
# Visual Studio Version 17
VisualStudioVersion = 17.4.33205.214
MinimumVisualStudioVersion = 10.0.40219.1
Project("{2150E333-8FDC-42A3-9474-1A3956D46DE8}") = "Managed", "Managed", "{6A368B32-65D9-4DD6-986C-56EBEBD1C973}"
EndProject
Project("{2150E333-8FDC-42A3-9474-1A3956D46DE8}") = ".NET7", ".NET7", "{BBA83752-0C38-4EDC-8A18-EC20666B9D13}"
EndProject
Project("{2150E333-8FDC-42A3-9474-1A3956D46DE8}") = ".NET6", ".NET6", "{5709B2F0-52D9-42AA-9D8A-27117677CA9F}"
EndProject
Project("{2150E333-8FDC-42A3-9474-1A3956D46DE8}") = "Native", "Native", "{597835F9-C9E4-4692-87AE-F4049AB4BE00}"
EndProject
Project("{8BC9CEB8-8B4A-11D0-8D11-00A0C91BC942}") = "HelloCpp-Vcpkg1", "Native\HelloCpp-Vcpkg1\HelloCpp-Vcpkg1.vcxproj", "{8EF87FFB-18D8-4F84-B7D4-7A0B4267B0FF}"
EndProject
Project("{8BC9CEB8-8B4A-11D0-8D11-00A0C91BC942}") = "HelloCpp-Vcpkg2", "Native\HelloCpp-Vcpkg2\HelloCpp-Vcpkg2.vcxproj", "{ACB816F1-041D-4224-AC26-E3018B203334}"
EndProject
Project("{8BC9CEB8-8B4A-11D0-8D11-00A0C91BC942}") = "HelloCpp-Vcpkg2-Nested", "Native\HelloCpp-Vcpkg2\HelloCpp-Vcpkg2-Nested\HelloCpp-Vcpkg2-Nested.vcxproj", "{3EEC0669-7042-472A-A187-B44D337F8131}"
EndProject
Project("{8BC9CEB8-8B4A-11D0-8D11-00A0C91BC942}") = "HelloCpp-VS", "Native\HelloCpp-VS\HelloCpp-VS.vcxproj", "{252AF16D-5B03-4B12-9AFB-98001FEFB981}"
EndProject
Project("{2150E333-8FDC-42A3-9474-1A3956D46DE8}") = ".NETFramework", ".NETFramework", "{B5839118-C1A4-49FE-8436-9AE9C30931B8}"
EndProject
Project("{8BC9CEB8-8B4A-11D0-8D11-00A0C91BC942}") = "MFCApp-Vcpkg1", "Native\MFCApp-Vcpkg1\MFCApp-Vcpkg1.vcxproj", "{E13CB2C0-A91C-4120-8C1F-FC6B4F84554A}"
EndProject
Global
	GlobalSection(SolutionConfigurationPlatforms) = preSolution
		Debug|Any CPU = Debug|Any CPU
		Debug|x64 = Debug|x64
		Debug|x86 = Debug|x86
		Release|Any CPU = Release|Any CPU
		Release|x64 = Release|x64
		Release|x86 = Release|x86
	EndGlobalSection
	GlobalSection(ProjectConfigurationPlatforms) = postSolution
		{8EF87FFB-18D8-4F84-B7D4-7A0B4267B0FF}.Debug|Any CPU.ActiveCfg = Debug|x64
		{8EF87FFB-18D8-4F84-B7D4-7A0B4267B0FF}.Debug|Any CPU.Build.0 = Debug|x64
		{8EF87FFB-18D8-4F84-B7D4-7A0B4267B0FF}.Debug|x64.ActiveCfg = Debug|x64
		{8EF87FFB-18D8-4F84-B7D4-7A0B4267B0FF}.Debug|x64.Build.0 = Debug|x64
		{8EF87FFB-18D8-4F84-B7D4-7A0B4267B0FF}.Debug|x86.ActiveCfg = Debug|Win32
		{8EF87FFB-18D8-4F84-B7D4-7A0B4267B0FF}.Debug|x86.Build.0 = Debug|Win32
		{8EF87FFB-18D8-4F84-B7D4-7A0B4267B0FF}.Release|Any CPU.ActiveCfg = Release|x64
		{8EF87FFB-18D8-4F84-B7D4-7A0B4267B0FF}.Release|Any CPU.Build.0 = Release|x64
		{8EF87FFB-18D8-4F84-B7D4-7A0B4267B0FF}.Release|x64.ActiveCfg = Release|x64
		{8EF87FFB-18D8-4F84-B7D4-7A0B4267B0FF}.Release|x64.Build.0 = Release|x64
		{8EF87FFB-18D8-4F84-B7D4-7A0B4267B0FF}.Release|x86.ActiveCfg = Release|Win32
		{8EF87FFB-18D8-4F84-B7D4-7A0B4267B0FF}.Release|x86.Build.0 = Release|Win32
		{ACB816F1-041D-4224-AC26-E3018B203334}.Debug|Any CPU.ActiveCfg = Debug|x64
		{ACB816F1-041D-4224-AC26-E3018B203334}.Debug|Any CPU.Build.0 = Debug|x64
		{ACB816F1-041D-4224-AC26-E3018B203334}.Debug|x64.ActiveCfg = Debug|x64
		{ACB816F1-041D-4224-AC26-E3018B203334}.Debug|x64.Build.0 = Debug|x64
		{ACB816F1-041D-4224-AC26-E3018B203334}.Debug|x86.ActiveCfg = Debug|Win32
		{ACB816F1-041D-4224-AC26-E3018B203334}.Debug|x86.Build.0 = Debug|Win32
		{ACB816F1-041D-4224-AC26-E3018B203334}.Release|Any CPU.ActiveCfg = Release|x64
		{ACB816F1-041D-4224-AC26-E3018B203334}.Release|Any CPU.Build.0 = Release|x64
		{ACB816F1-041D-4224-AC26-E3018B203334}.Release|x64.ActiveCfg = Release|x64
		{ACB816F1-041D-4224-AC26-E3018B203334}.Release|x64.Build.0 = Release|x64
		{ACB816F1-041D-4224-AC26-E3018B203334}.Release|x86.ActiveCfg = Release|Win32
		{ACB816F1-041D-4224-AC26-E3018B203334}.Release|x86.Build.0 = Release|Win32
		{3EEC0669-7042-472A-A187-B44D337F8131}.Debug|Any CPU.ActiveCfg = Debug|x64
		{3EEC0669-7042-472A-A187-B44D337F8131}.Debug|Any CPU.Build.0 = Debug|x64
		{3EEC0669-7042-472A-A187-B44D337F8131}.Debug|x64.ActiveCfg = Debug|x64
		{3EEC0669-7042-472A-A187-B44D337F8131}.Debug|x64.Build.0 = Debug|x64
		{3EEC0669-7042-472A-A187-B44D337F8131}.Debug|x86.ActiveCfg = Debug|Win32
		{3EEC0669-7042-472A-A187-B44D337F8131}.Debug|x86.Build.0 = Debug|Win32
		{3EEC0669-7042-472A-A187-B44D337F8131}.Release|Any CPU.ActiveCfg = Release|x64
		{3EEC0669-7042-472A-A187-B44D337F8131}.Release|Any CPU.Build.0 = Release|x64
		{3EEC0669-7042-472A-A187-B44D337F8131}.Release|x64.ActiveCfg = Release|x64
		{3EEC0669-7042-472A-A187-B44D337F8131}.Release|x64.Build.0 = Release|x64
		{3EEC0669-7042-472A-A187-B44D337F8131}.Release|x86.ActiveCfg = Release|Win32
		{3EEC0669-7042-472A-A187-B44D337F8131}.Release|x86.Build.0 = Release|Win32
		{252AF16D-5B03-4B12-9AFB-98001FEFB981}.Debug|Any CPU.ActiveCfg = Debug|x64
		{252AF16D-5B03-4B12-9AFB-98001FEFB981}.Debug|Any CPU.Build.0 = Debug|x64
		{252AF16D-5B03-4B12-9AFB-98001FEFB981}.Debug|x64.ActiveCfg = Debug|x64
		{252AF16D-5B03-4B12-9AFB-98001FEFB981}.Debug|x64.Build.0 = Debug|x64
		{252AF16D-5B03-4B12-9AFB-98001FEFB981}.Debug|x86.ActiveCfg = Debug|Win32
		{252AF16D-5B03-4B12-9AFB-98001FEFB981}.Debug|x86.Build.0 = Debug|Win32
		{252AF16D-5B03-4B12-9AFB-98001FEFB981}.Release|Any CPU.ActiveCfg = Release|x64
		{252AF16D-5B03-4B12-9AFB-98001FEFB981}.Release|Any CPU.Build.0 = Release|x64
		{252AF16D-5B03-4B12-9AFB-98001FEFB981}.Release|x64.ActiveCfg = Release|x64
		{252AF16D-5B03-4B12-9AFB-98001FEFB981}.Release|x64.Build.0 = Release|x64
		{252AF16D-5B03-4B12-9AFB-98001FEFB981}.Release|x86.ActiveCfg = Release|Win32
		{252AF16D-5B03-4B12-9AFB-98001FEFB981}.Release|x86.Build.0 = Release|Win32
		{E13CB2C0-A91C-4120-8C1F-FC6B4F84554A}.Debug|Any CPU.ActiveCfg = Debug|x64
		{E13CB2C0-A91C-4120-8C1F-FC6B4F84554A}.Debug|Any CPU.Build.0 = Debug|x64
		{E13CB2C0-A91C-4120-8C1F-FC6B4F84554A}.Debug|x64.ActiveCfg = Debug|x64
		{E13CB2C0-A91C-4120-8C1F-FC6B4F84554A}.Debug|x64.Build.0 = Debug|x64
		{E13CB2C0-A91C-4120-8C1F-FC6B4F84554A}.Debug|x86.ActiveCfg = Debug|Win32
		{E13CB2C0-A91C-4120-8C1F-FC6B4F84554A}.Debug|x86.Build.0 = Debug|Win32
		{E13CB2C0-A91C-4120-8C1F-FC6B4F84554A}.Release|Any CPU.ActiveCfg = Release|x64
		{E13CB2C0-A91C-4120-8C1F-FC6B4F84554A}.Release|Any CPU.Build.0 = Release|x64
		{E13CB2C0-A91C-4120-8C1F-FC6B4F84554A}.Release|x64.ActiveCfg = Release|x64
		{E13CB2C0-A91C-4120-8C1F-FC6B4F84554A}.Release|x64.Build.0 = Release|x64
		{E13CB2C0-A91C-4120-8C1F-FC6B4F84554A}.Release|x86.ActiveCfg = Release|Win32
		{E13CB2C0-A91C-4120-8C1F-FC6B4F84554A}.Release|x86.Build.0 = Release|Win32
	EndGlobalSection
	GlobalSection(SolutionProperties) = preSolution
		HideSolutionNode = FALSE
	EndGlobalSection
	GlobalSection(NestedProjects) = preSolution
		{BBA83752-0C38-4EDC-8A18-EC20666B9D13} = {6A368B32-65D9-4DD6-986C-56EBEBD1C973}
		{5709B2F0-52D9-42AA-9D8A-27117677CA9F} = {6A368B32-65D9-4DD6-986C-56EBEBD1C973}
		{8EF87FFB-18D8-4F84-B7D4-7A0B4267B0FF} = {597835F9-C9E4-4692-87AE-F4049AB4BE00}
		{ACB816F1-041D-4224-AC26-E3018B203334} = {597835F9-C9E4-4692-87AE-F4049AB4BE00}
		{3EEC0669-7042-472A-A187-B44D337F8131} = {597835F9-C9E4-4692-87AE-F4049AB4BE00}
		{252AF16D-5B03-4B12-9AFB-98001FEFB981} = {597835F9-C9E4-4692-87AE-F4049AB4BE00}
		{B5839118-C1A4-49FE-8436-9AE9C30931B8} = {6A368B32-65D9-4DD6-986C-56EBEBD1C973}
		{E13CB2C0-A91C-4120-8C1F-FC6B4F84554A} = {597835F9-C9E4-4692-87AE-F4049AB4BE00}
	EndGlobalSection
	GlobalSection(ExtensibilityGlobals) = postSolution
		SolutionGuid = {CEC69F6D-D22B-431E-8CD5-CDB1AC303F78}
	EndGlobalSection
EndGlobal
