
Microsoft Visual Studio Solution File, Format Version 12.00
# Visual Studio Version 17
VisualStudioVersion = 17.5.33221.117
MinimumVisualStudioVersion = 10.0.40219.1
Project("{FAE04EC0-301F-11D3-BF4B-00C04F79EFBC}") = "ConsoleApp.CSharp", "ConsoleApp.CSharp\ConsoleApp.CSharp.csproj", "{CF7C9BF7-519F-4B3A-B1D1-76C7435F6A5F}"
	ProjectSection(ProjectDependencies) = postProject
		{1805683A-BA49-4D59-90CA-B7E107BB01F0} = {1805683A-BA49-4D59-90CA-B7E107BB01F0}
		{C7103942-87F9-4AC2-AC94-4AD22CA999F3} = {C7103942-87F9-4AC2-AC94-4AD22CA999F3}
	EndProjectSection
EndProject
Project("{FAE04EC0-301F-11D3-BF4B-00C04F79EFBC}") = "ConsoleApp.CSharp2", "ConsoleApp.CSharp2\ConsoleApp.CSharp2.csproj", "{1805683A-BA49-4D59-90CA-B7E107BB01F0}"
EndProject
Project("{F184B08F-C81C-45F6-A57F-5ABD9991F28F}") = "ConsoleApp.VB", "ConsoleApp.VB\ConsoleApp.VB.vbproj", "{C7103942-87F9-4AC2-AC94-4AD22CA999F3}"
EndProject
Global
	GlobalSection(SolutionConfigurationPlatforms) = preSolution
		Debug|Any CPU = Debug|Any CPU
		Release|Any CPU = Release|Any CPU
	EndGlobalSection
	GlobalSection(ProjectConfigurationPlatforms) = postSolution
		{CF7C9BF7-519F-4B3A-B1D1-76C7435F6A5F}.Debug|Any CPU.ActiveCfg = Debug|Any CPU
		{CF7C9BF7-519F-4B3A-B1D1-76C7435F6A5F}.Debug|Any CPU.Build.0 = Debug|Any CPU
		{CF7C9BF7-519F-4B3A-B1D1-76C7435F6A5F}.Release|Any CPU.ActiveCfg = Release|Any CPU
		{CF7C9BF7-519F-4B3A-B1D1-76C7435F6A5F}.Release|Any CPU.Build.0 = Release|Any CPU
		{1805683A-BA49-4D59-90CA-B7E107BB01F0}.Debug|Any CPU.ActiveCfg = Debug|Any CPU
		{1805683A-BA49-4D59-90CA-B7E107BB01F0}.Debug|Any CPU.Build.0 = Debug|Any CPU
		{1805683A-BA49-4D59-90CA-B7E107BB01F0}.Release|Any CPU.ActiveCfg = Release|Any CPU
		{1805683A-BA49-4D59-90CA-B7E107BB01F0}.Release|Any CPU.Build.0 = Release|Any CPU
		{C7103942-87F9-4AC2-AC94-4AD22CA999F3}.Debug|Any CPU.ActiveCfg = Debug|Any CPU
		{C7103942-87F9-4AC2-AC94-4AD22CA999F3}.Debug|Any CPU.Build.0 = Debug|Any CPU
		{C7103942-87F9-4AC2-AC94-4AD22CA999F3}.Release|Any CPU.ActiveCfg = Release|Any CPU
		{C7103942-87F9-4AC2-AC94-4AD22CA999F3}.Release|Any CPU.Build.0 = Release|Any CPU
	EndGlobalSection
	GlobalSection(SolutionProperties) = preSolution
		HideSolutionNode = FALSE
	EndGlobalSection
	GlobalSection(ExtensibilityGlobals) = postSolution
		SolutionGuid = {C67FFE68-658B-4133-A791-7EF40E1F8CFE}
	EndGlobalSection
EndGlobal
