
Microsoft Visual Studio Solution File, Format Version 12.00
# Visual Studio Version 17
VisualStudioVersion = 17.4.33103.184
MinimumVisualStudioVersion = 10.0.40219.1
Project("{FAE04EC0-301F-11D3-BF4B-00C04F79EFBC}") = "ConsoleApp.CSharp", "ConsoleApp.CSharp\ConsoleApp.CSharp.csproj", "{733C1D92-5118-4CF6-B013-B19921D62D5C}"
	ProjectSection(ProjectDependencies) = postProject
		{56982387-4FC6-46F1-8B1E-F56BD951BCAB} = {56982387-4FC6-46F1-8B1E-F56BD951BCAB}
	EndProjectSection
EndProject
Project("{F184B08F-C81C-45F6-A57F-5ABD9991F28F}") = "ConsoleApp.VB", "ConsoleApp.VB\ConsoleApp.VB.vbproj", "{56982387-4FC6-46F1-8B1E-F56BD951BCAB}"
EndProject
Global
	GlobalSection(SolutionConfigurationPlatforms) = preSolution
		Debug|Any CPU = Debug|Any CPU
		Release|Any CPU = Release|Any CPU
	EndGlobalSection
	GlobalSection(ProjectConfigurationPlatforms) = postSolution
		{733C1D92-5118-4CF6-B013-B19921D62D5C}.Debug|Any CPU.ActiveCfg = Debug|Any CPU
		{733C1D92-5118-4CF6-B013-B19921D62D5C}.Debug|Any CPU.Build.0 = Debug|Any CPU
		{733C1D92-5118-4CF6-B013-B19921D62D5C}.Release|Any CPU.ActiveCfg = Release|Any CPU
		{733C1D92-5118-4CF6-B013-B19921D62D5C}.Release|Any CPU.Build.0 = Release|Any CPU
		{56982387-4FC6-46F1-8B1E-F56BD951BCAB}.Debug|Any CPU.ActiveCfg = Debug|Any CPU
		{56982387-4FC6-46F1-8B1E-F56BD951BCAB}.Debug|Any CPU.Build.0 = Debug|Any CPU
		{56982387-4FC6-46F1-8B1E-F56BD951BCAB}.Release|Any CPU.ActiveCfg = Release|Any CPU
		{56982387-4FC6-46F1-8B1E-F56BD951BCAB}.Release|Any CPU.Build.0 = Release|Any CPU
	EndGlobalSection
	GlobalSection(SolutionProperties) = preSolution
		HideSolutionNode = FALSE
	EndGlobalSection
	GlobalSection(ExtensibilityGlobals) = postSolution
		SolutionGuid = {714FF596-79DD-4965-99CE-9F623A195820}
	EndGlobalSection
EndGlobal
