
Microsoft Visual Studio Solution File, Format Version 12.00
# Visual Studio Version 17
VisualStudioVersion = 17.0.31607.12
MinimumVisualStudioVersion = 10.0.40219.1
Project("{8BC9CEB8-8B4A-11D0-8D11-00A0C91BC942}") = "DllProject", "DllProject\DllProject.vcxproj", "{A96E275B-0F12-44C7-B348-B8C4BAC40DE7}"
EndProject
Project("{8BC9CEB8-8B4A-11D0-8D11-00A0C91BC942}") = "ConsoleApplication", "ConsoleApplication\ConsoleApplication.vcxproj", "{255F3E94-8B36-41D8-8992-D5A6D3F1B3CB}"
EndProject
Project("{8BC9CEB8-8B4A-11D0-8D11-00A0C91BC942}") = "MFCApplication_Unicode_MfcDll", "MFCApplication1\MFCApplication1.vcxproj", "{8B92A047-65D3-4BB2-BA57-FAB4E86F57F1}"
EndProject
Project("{8BC9CEB8-8B4A-11D0-8D11-00A0C91BC942}") = "MFCApplication_Unicode_MfcLib", "MFCApplication2\MFCApplication2.vcxproj", "{7734EE17-B4B0-4C62-BFB0-2820408FD4AB}"
EndProject
Project("{8BC9CEB8-8B4A-11D0-8D11-00A0C91BC942}") = "ATLProject1", "ATLProject1\ATLProject1.vcxproj", "{533F075B-CF1A-4C30-9F6E-8F49595E902C}"
EndProject
Project("{8BC9CEB8-8B4A-11D0-8D11-00A0C91BC942}") = "ATLProject1PS", "ATLProject1PS\ATLProject1PS.vcxproj", "{802BD696-8FAB-4F9C-B2CD-B7913EBE415F}"
	ProjectSection(ProjectDependencies) = postProject
		{533F075B-CF1A-4C30-9F6E-8F49595E902C} = {533F075B-CF1A-4C30-9F6E-8F49595E902C}
	EndProjectSection
EndProject
Global
	GlobalSection(SolutionConfigurationPlatforms) = preSolution
		Debug|ARM = Debug|ARM
		Debug|ARM64 = Debug|ARM64
		Debug|x64 = Debug|x64
		Debug|x86 = Debug|x86
		Release|ARM = Release|ARM
		Release|ARM64 = Release|ARM64
		Release|x64 = Release|x64
		Release|x86 = Release|x86
	EndGlobalSection
	GlobalSection(ProjectConfigurationPlatforms) = postSolution
		{A96E275B-0F12-44C7-B348-B8C4BAC40DE7}.Debug|ARM.ActiveCfg = Debug|x64
		{A96E275B-0F12-44C7-B348-B8C4BAC40DE7}.Debug|ARM.Build.0 = Debug|x64
		{A96E275B-0F12-44C7-B348-B8C4BAC40DE7}.Debug|ARM64.ActiveCfg = Debug|x64
		{A96E275B-0F12-44C7-B348-B8C4BAC40DE7}.Debug|ARM64.Build.0 = Debug|x64
		{A96E275B-0F12-44C7-B348-B8C4BAC40DE7}.Debug|x64.ActiveCfg = Debug|x64
		{A96E275B-0F12-44C7-B348-B8C4BAC40DE7}.Debug|x64.Build.0 = Debug|x64
		{A96E275B-0F12-44C7-B348-B8C4BAC40DE7}.Debug|x86.ActiveCfg = Debug|Win32
		{A96E275B-0F12-44C7-B348-B8C4BAC40DE7}.Debug|x86.Build.0 = Debug|Win32
		{A96E275B-0F12-44C7-B348-B8C4BAC40DE7}.Release|ARM.ActiveCfg = Release|x64
		{A96E275B-0F12-44C7-B348-B8C4BAC40DE7}.Release|ARM.Build.0 = Release|x64
		{A96E275B-0F12-44C7-B348-B8C4BAC40DE7}.Release|ARM64.ActiveCfg = Release|x64
		{A96E275B-0F12-44C7-B348-B8C4BAC40DE7}.Release|ARM64.Build.0 = Release|x64
		{A96E275B-0F12-44C7-B348-B8C4BAC40DE7}.Release|x64.ActiveCfg = Release|x64
		{A96E275B-0F12-44C7-B348-B8C4BAC40DE7}.Release|x64.Build.0 = Release|x64
		{A96E275B-0F12-44C7-B348-B8C4BAC40DE7}.Release|x86.ActiveCfg = Release|Win32
		{A96E275B-0F12-44C7-B348-B8C4BAC40DE7}.Release|x86.Build.0 = Release|Win32
		{255F3E94-8B36-41D8-8992-D5A6D3F1B3CB}.Debug|ARM.ActiveCfg = Debug|x64
		{255F3E94-8B36-41D8-8992-D5A6D3F1B3CB}.Debug|ARM.Build.0 = Debug|x64
		{255F3E94-8B36-41D8-8992-D5A6D3F1B3CB}.Debug|ARM64.ActiveCfg = Debug|x64
		{255F3E94-8B36-41D8-8992-D5A6D3F1B3CB}.Debug|ARM64.Build.0 = Debug|x64
		{255F3E94-8B36-41D8-8992-D5A6D3F1B3CB}.Debug|x64.ActiveCfg = Debug|x64
		{255F3E94-8B36-41D8-8992-D5A6D3F1B3CB}.Debug|x64.Build.0 = Debug|x64
		{255F3E94-8B36-41D8-8992-D5A6D3F1B3CB}.Debug|x86.ActiveCfg = Debug|Win32
		{255F3E94-8B36-41D8-8992-D5A6D3F1B3CB}.Debug|x86.Build.0 = Debug|Win32
		{255F3E94-8B36-41D8-8992-D5A6D3F1B3CB}.Release|ARM.ActiveCfg = Release|x64
		{255F3E94-8B36-41D8-8992-D5A6D3F1B3CB}.Release|ARM.Build.0 = Release|x64
		{255F3E94-8B36-41D8-8992-D5A6D3F1B3CB}.Release|ARM64.ActiveCfg = Release|x64
		{255F3E94-8B36-41D8-8992-D5A6D3F1B3CB}.Release|ARM64.Build.0 = Release|x64
		{255F3E94-8B36-41D8-8992-D5A6D3F1B3CB}.Release|x64.ActiveCfg = Release|x64
		{255F3E94-8B36-41D8-8992-D5A6D3F1B3CB}.Release|x64.Build.0 = Release|x64
		{255F3E94-8B36-41D8-8992-D5A6D3F1B3CB}.Release|x86.ActiveCfg = Release|Win32
		{255F3E94-8B36-41D8-8992-D5A6D3F1B3CB}.Release|x86.Build.0 = Release|Win32
		{8B92A047-65D3-4BB2-BA57-FAB4E86F57F1}.Debug|ARM.ActiveCfg = Debug|x64
		{8B92A047-65D3-4BB2-BA57-FAB4E86F57F1}.Debug|ARM.Build.0 = Debug|x64
		{8B92A047-65D3-4BB2-BA57-FAB4E86F57F1}.Debug|ARM64.ActiveCfg = Debug|x64
		{8B92A047-65D3-4BB2-BA57-FAB4E86F57F1}.Debug|ARM64.Build.0 = Debug|x64
		{8B92A047-65D3-4BB2-BA57-FAB4E86F57F1}.Debug|x64.ActiveCfg = Debug|x64
		{8B92A047-65D3-4BB2-BA57-FAB4E86F57F1}.Debug|x64.Build.0 = Debug|x64
		{8B92A047-65D3-4BB2-BA57-FAB4E86F57F1}.Debug|x86.ActiveCfg = Debug|Win32
		{8B92A047-65D3-4BB2-BA57-FAB4E86F57F1}.Debug|x86.Build.0 = Debug|Win32
		{8B92A047-65D3-4BB2-BA57-FAB4E86F57F1}.Release|ARM.ActiveCfg = Release|x64
		{8B92A047-65D3-4BB2-BA57-FAB4E86F57F1}.Release|ARM.Build.0 = Release|x64
		{8B92A047-65D3-4BB2-BA57-FAB4E86F57F1}.Release|ARM64.ActiveCfg = Release|x64
		{8B92A047-65D3-4BB2-BA57-FAB4E86F57F1}.Release|ARM64.Build.0 = Release|x64
		{8B92A047-65D3-4BB2-BA57-FAB4E86F57F1}.Release|x64.ActiveCfg = Release|x64
		{8B92A047-65D3-4BB2-BA57-FAB4E86F57F1}.Release|x64.Build.0 = Release|x64
		{8B92A047-65D3-4BB2-BA57-FAB4E86F57F1}.Release|x86.ActiveCfg = Release|Win32
		{8B92A047-65D3-4BB2-BA57-FAB4E86F57F1}.Release|x86.Build.0 = Release|Win32
		{7734EE17-B4B0-4C62-BFB0-2820408FD4AB}.Debug|ARM.ActiveCfg = Debug|x64
		{7734EE17-B4B0-4C62-BFB0-2820408FD4AB}.Debug|ARM.Build.0 = Debug|x64
		{7734EE17-B4B0-4C62-BFB0-2820408FD4AB}.Debug|ARM64.ActiveCfg = Debug|x64
		{7734EE17-B4B0-4C62-BFB0-2820408FD4AB}.Debug|ARM64.Build.0 = Debug|x64
		{7734EE17-B4B0-4C62-BFB0-2820408FD4AB}.Debug|x64.ActiveCfg = Debug|x64
		{7734EE17-B4B0-4C62-BFB0-2820408FD4AB}.Debug|x64.Build.0 = Debug|x64
		{7734EE17-B4B0-4C62-BFB0-2820408FD4AB}.Debug|x86.ActiveCfg = Debug|Win32
		{7734EE17-B4B0-4C62-BFB0-2820408FD4AB}.Debug|x86.Build.0 = Debug|Win32
		{7734EE17-B4B0-4C62-BFB0-2820408FD4AB}.Release|ARM.ActiveCfg = Release|x64
		{7734EE17-B4B0-4C62-BFB0-2820408FD4AB}.Release|ARM.Build.0 = Release|x64
		{7734EE17-B4B0-4C62-BFB0-2820408FD4AB}.Release|ARM64.ActiveCfg = Release|x64
		{7734EE17-B4B0-4C62-BFB0-2820408FD4AB}.Release|ARM64.Build.0 = Release|x64
		{7734EE17-B4B0-4C62-BFB0-2820408FD4AB}.Release|x64.ActiveCfg = Release|x64
		{7734EE17-B4B0-4C62-BFB0-2820408FD4AB}.Release|x64.Build.0 = Release|x64
		{7734EE17-B4B0-4C62-BFB0-2820408FD4AB}.Release|x86.ActiveCfg = Release|Win32
		{7734EE17-B4B0-4C62-BFB0-2820408FD4AB}.Release|x86.Build.0 = Release|Win32
		{533F075B-CF1A-4C30-9F6E-8F49595E902C}.Debug|ARM.ActiveCfg = Debug|x64
		{533F075B-CF1A-4C30-9F6E-8F49595E902C}.Debug|ARM.Build.0 = Debug|x64
		{533F075B-CF1A-4C30-9F6E-8F49595E902C}.Debug|ARM64.ActiveCfg = Debug|x64
		{533F075B-CF1A-4C30-9F6E-8F49595E902C}.Debug|ARM64.Build.0 = Debug|x64
		{533F075B-CF1A-4C30-9F6E-8F49595E902C}.Debug|x64.ActiveCfg = Debug|x64
		{533F075B-CF1A-4C30-9F6E-8F49595E902C}.Debug|x64.Build.0 = Debug|x64
		{533F075B-CF1A-4C30-9F6E-8F49595E902C}.Debug|x86.ActiveCfg = Debug|Win32
		{533F075B-CF1A-4C30-9F6E-8F49595E902C}.Debug|x86.Build.0 = Debug|Win32
		{533F075B-CF1A-4C30-9F6E-8F49595E902C}.Release|ARM.ActiveCfg = Release|x64
		{533F075B-CF1A-4C30-9F6E-8F49595E902C}.Release|ARM.Build.0 = Release|x64
		{533F075B-CF1A-4C30-9F6E-8F49595E902C}.Release|ARM64.ActiveCfg = Release|x64
		{533F075B-CF1A-4C30-9F6E-8F49595E902C}.Release|ARM64.Build.0 = Release|x64
		{533F075B-CF1A-4C30-9F6E-8F49595E902C}.Release|x64.ActiveCfg = Release|x64
		{533F075B-CF1A-4C30-9F6E-8F49595E902C}.Release|x64.Build.0 = Release|x64
		{533F075B-CF1A-4C30-9F6E-8F49595E902C}.Release|x86.ActiveCfg = Release|Win32
		{533F075B-CF1A-4C30-9F6E-8F49595E902C}.Release|x86.Build.0 = Release|Win32
		{802BD696-8FAB-4F9C-B2CD-B7913EBE415F}.Debug|ARM.ActiveCfg = Debug|x64
		{802BD696-8FAB-4F9C-B2CD-B7913EBE415F}.Debug|ARM64.ActiveCfg = Debug|x64
		{802BD696-8FAB-4F9C-B2CD-B7913EBE415F}.Debug|x64.ActiveCfg = Debug|x64
		{802BD696-8FAB-4F9C-B2CD-B7913EBE415F}.Debug|x86.ActiveCfg = Debug|Win32
		{802BD696-8FAB-4F9C-B2CD-B7913EBE415F}.Release|ARM.ActiveCfg = Release|x64
		{802BD696-8FAB-4F9C-B2CD-B7913EBE415F}.Release|ARM64.ActiveCfg = Release|x64
		{802BD696-8FAB-4F9C-B2CD-B7913EBE415F}.Release|x64.ActiveCfg = Release|x64
		{802BD696-8FAB-4F9C-B2CD-B7913EBE415F}.Release|x86.ActiveCfg = Release|Win32
	EndGlobalSection
	GlobalSection(SolutionProperties) = preSolution
		HideSolutionNode = FALSE
	EndGlobalSection
	GlobalSection(ExtensibilityGlobals) = postSolution
		SolutionGuid = {AE707848-8767-484D-B794-7447781653B6}
	EndGlobalSection
EndGlobal
