
Microsoft Visual Studio Solution File, Format Version 12.00
# Visual Studio Version 17
VisualStudioVersion = 17.4.32914.412
MinimumVisualStudioVersion = 10.0.40219.1
Project("{8BC9CEB8-8B4A-11D0-8D11-00A0C91BC942}") = "MFCApplication1", "MFCApplication1\MFCApplication1.vcxproj", "{344D4790-DD0B-435A-90A7-0BF346C395EB}"
EndProject
Global
	GlobalSection(SolutionConfigurationPlatforms) = preSolution
		Debug|x64 = Debug|x64
		Debug|x86 = Debug|x86
		Release|x64 = Release|x64
		Release|x86 = Release|x86
	EndGlobalSection
	GlobalSection(ProjectConfigurationPlatforms) = postSolution
		{344D4790-DD0B-435A-90A7-0BF346C395EB}.Debug|x64.ActiveCfg = Debug|x64
		{344D4790-DD0B-435A-90A7-0BF346C395EB}.Debug|x64.Build.0 = Debug|x64
		{344D4790-DD0B-435A-90A7-0BF346C395EB}.Debug|x86.ActiveCfg = Debug|Win32
		{344D4790-DD0B-435A-90A7-0BF346C395EB}.Debug|x86.Build.0 = Debug|Win32
		{344D4790-DD0B-435A-90A7-0BF346C395EB}.Release|x64.ActiveCfg = Release|x64
		{344D4790-DD0B-435A-90A7-0BF346C395EB}.Release|x64.Build.0 = Release|x64
		{344D4790-DD0B-435A-90A7-0BF346C395EB}.Release|x86.ActiveCfg = Release|Win32
		{344D4790-DD0B-435A-90A7-0BF346C395EB}.Release|x86.Build.0 = Release|Win32
	EndGlobalSection
	GlobalSection(SolutionProperties) = preSolution
		HideSolutionNode = FALSE
	EndGlobalSection
	GlobalSection(ExtensibilityGlobals) = postSolution
		SolutionGuid = {EF58BB93-7E6D-4A7B-BB29-E512E7CA170E}
	EndGlobalSection
EndGlobal
