
Microsoft Visual Studio Solution File, Format Version 12.00
# Visual Studio Version 17
VisualStudioVersion = 17.4.32915.420
MinimumVisualStudioVersion = 10.0.40219.1
Project("{8BC9CEB8-8B4A-11D0-8D11-00A0C91BC942}") = "UWP_CppWinRT_Dll1", "UWP_CppWinRT_Dll1\UWP_CppWinRT_Dll1.vcxproj", "{582FA6FA-5DC1-4BD3-917E-87DDC4D9F793}"
EndProject
Global
	GlobalSection(SolutionConfigurationPlatforms) = preSolution
		Debug|ARM = Debug|ARM
		Debug|ARM64 = Debug|ARM64
		Debug|x64 = Debug|x64
		Debug|x86 = Debug|x86
		Release|ARM = Release|ARM
		Release|ARM64 = Release|ARM64
		Release|x64 = Release|x64
		Release|x86 = Release|x86
	EndGlobalSection
	GlobalSection(ProjectConfigurationPlatforms) = postSolution
		{582FA6FA-5DC1-4BD3-917E-87DDC4D9F793}.Debug|ARM.ActiveCfg = Debug|ARM
		{582FA6FA-5DC1-4BD3-917E-87DDC4D9F793}.Debug|ARM.Build.0 = Debug|ARM
		{582FA6FA-5DC1-4BD3-917E-87DDC4D9F793}.Debug|ARM64.ActiveCfg = Debug|ARM64
		{582FA6FA-5DC1-4BD3-917E-87DDC4D9F793}.Debug|ARM64.Build.0 = Debug|ARM64
		{582FA6FA-5DC1-4BD3-917E-87DDC4D9F793}.Debug|x64.ActiveCfg = Debug|x64
		{582FA6FA-5DC1-4BD3-917E-87DDC4D9F793}.Debug|x64.Build.0 = Debug|x64
		{582FA6FA-5DC1-4BD3-917E-87DDC4D9F793}.Debug|x86.ActiveCfg = Debug|Win32
		{582FA6FA-5DC1-4BD3-917E-87DDC4D9F793}.Debug|x86.Build.0 = Debug|Win32
		{582FA6FA-5DC1-4BD3-917E-87DDC4D9F793}.Release|ARM.ActiveCfg = Release|ARM
		{582FA6FA-5DC1-4BD3-917E-87DDC4D9F793}.Release|ARM.Build.0 = Release|ARM
		{582FA6FA-5DC1-4BD3-917E-87DDC4D9F793}.Release|ARM64.ActiveCfg = Release|ARM64
		{582FA6FA-5DC1-4BD3-917E-87DDC4D9F793}.Release|ARM64.Build.0 = Release|ARM64
		{582FA6FA-5DC1-4BD3-917E-87DDC4D9F793}.Release|x64.ActiveCfg = Release|x64
		{582FA6FA-5DC1-4BD3-917E-87DDC4D9F793}.Release|x64.Build.0 = Release|x64
		{582FA6FA-5DC1-4BD3-917E-87DDC4D9F793}.Release|x86.ActiveCfg = Release|Win32
		{582FA6FA-5DC1-4BD3-917E-87DDC4D9F793}.Release|x86.Build.0 = Release|Win32
	EndGlobalSection
	GlobalSection(SolutionProperties) = preSolution
		HideSolutionNode = FALSE
	EndGlobalSection
	GlobalSection(ExtensibilityGlobals) = postSolution
		SolutionGuid = {FE436259-FFD8-460D-9E32-93D5AA8F4185}
	EndGlobalSection
EndGlobal
